{
  "nodes": {
    "flakelight": {
      "inputs": {
        "nixpkgs": [
          "nixpkgs"
        ]
      },
      "locked": {
        "lastModified": 1737376795,
        "narHash": "sha256-1ZIN3TdGnuscgSKqhkbGiXwLZ5qDn5t6wJU8mM23IY4=",
        "owner": "nix-community",
        "repo": "flakelight",
        "rev": "0c583d705e4a840cf46d020d5f28270b168efb0b",
        "type": "github"
      },
      "original": {
        "owner": "nix-community",
        "repo": "flakelight",
        "type": "github"
      }
    },
    "nixpkgs": {
      "locked": {
        "lastModified": 1737370608,
        "narHash": "sha256-hFA6SmioeqvGW/XvZa9bxniAeulksCOcj3kokdNT/YE=",
        "owner": "nixos",
        "repo": "nixpkgs",
        "rev": "300081d0cc72df578b02d914df941b8ec62240e6",
        "type": "github"
      },
      "original": {
        "owner": "nixos",
        "ref": "nixpkgs-unstable",
        "repo": "nixpkgs",
        "type": "github"
      }
    },
    "root": {
      "inputs": {
        "flakelight": "flakelight",
        "nixpkgs": "nixpkgs"
      }
    }
  },
  "root": "root",
  "version": 7
}
